{
  "name": "utils-libary",
  "version": "1.0.0",
  "lockfileVersion": 3,
  "requires": true,
  "packages": {
    "": {
      "name": "utils-libary",
      "version": "1.0.0",
      "license": "MIT",
      "dependencies": {
        "utils-libary": "file:"
      }
    },
    "node_modules/utils-libary": {
      "resolved": "",
      "link": true
    }
  }
}
